
Microsoft Visual Studio Solution File, Format Version 12.00
# Visual Studio Version 17
VisualStudioVersion = 17.14.36414.22
MinimumVisualStudioVersion = 10.0.40219.1
Project("{2150E333-8FDC-42A3-9474-1A3956D46DE8}") = "Task0", "Task0", "{02EA681E-C7D8-13C7-8484-4AC65E1B71E8}"
EndProject
Project("{FAE04EC0-301F-11D3-BF4B-00C04F79EFBC}") = "Tyuiu.LevakovaAA.Sprint5.Task0.V3.Lib", "Tyuiu.LevakovaAA.Sprint5.Task0.V3.Lib\Tyuiu.LevakovaAA.Sprint5.Task0.V3.Lib.csproj", "{FFFBF7C9-70DA-417E-A62A-4B57C2BE29E2}"
EndProject
Project("{FAE04EC0-301F-11D3-BF4B-00C04F79EFBC}") = "Tyuiu.LevakovaAA.Sprint5.Task0.V3.Test", "Tyuiu.LevakovaAA.Sprint5.Task0.V3.Test\Tyuiu.LevakovaAA.Sprint5.Task0.V3.Test.csproj", "{F98C618F-6DB2-4A14-9BEE-FB31BEC07330}"
EndProject
Project("{FAE04EC0-301F-11D3-BF4B-00C04F79EFBC}") = "Tyuiu.LevakovaAA.Sprint5.Task0.V3", "Tyuiu.LevakovaAA.Sprint5.Task0.V3\Tyuiu.LevakovaAA.Sprint5.Task0.V3.csproj", "{201CDA19-0E54-4F0A-BF18-79C56A1AEA83}"
EndProject
Project("{2150E333-8FDC-42A3-9474-1A3956D46DE8}") = "Task1", "Task1", "{F4D280FC-FF43-44D2-A787-210674BAB49D}"
EndProject
Project("{FAE04EC0-301F-11D3-BF4B-00C04F79EFBC}") = "Tyuiu.LevakovaAA.Sprint5.Task1.V1", "Tyuiu.LevakovaAA.Sprint5.Task1.V1\Tyuiu.LevakovaAA.Sprint5.Task1.V1.csproj", "{084B8AA7-9D20-4588-8876-A01A22FC02CB}"
EndProject
Project("{FAE04EC0-301F-11D3-BF4B-00C04F79EFBC}") = "Tyuiu.LevakovaAA.Sprint5.Task1.V1.Test", "Tyuiu.LevakovaAA.Sprint5.Task1.V1.Test\Tyuiu.LevakovaAA.Sprint5.Task1.V1.Test.csproj", "{911CC381-A224-46B6-A95C-C6F694886B79}"
EndProject
Project("{FAE04EC0-301F-11D3-BF4B-00C04F79EFBC}") = "Tyuiu.LevakovaAA.Sprint5.Task1.V1.Lib", "Tyuiu.LevakovaAA.Sprint5.Task1.V1.Lib\Tyuiu.LevakovaAA.Sprint5.Task1.V1.Lib.csproj", "{44D5C968-8181-4713-B45F-FD0A7A6AF08F}"
EndProject
Project("{2150E333-8FDC-42A3-9474-1A3956D46DE8}") = "Task2", "Task2", "{73324598-BBB4-4793-9960-80A9F63A8C90}"
EndProject
Project("{FAE04EC0-301F-11D3-BF4B-00C04F79EFBC}") = "Tyuiu.LevakovaAA.Sprint5.Task2.V24", "Tyuiu.LevakovaAA.Sprint5.Task2.V24\Tyuiu.LevakovaAA.Sprint5.Task2.V24.csproj", "{F161200C-3BE8-43F6-A1E0-FA8D5C88FC4D}"
EndProject
Project("{FAE04EC0-301F-11D3-BF4B-00C04F79EFBC}") = "Tyuiu.LevakovaAA.Sprint5.Task2.V24.Test", "Tyuiu.LevakovaAA.Sprint5.Task2.V24.Test\Tyuiu.LevakovaAA.Sprint5.Task2.V24.Test.csproj", "{8A9955F0-CBB9-4637-B9C6-1C9C81E7AC31}"
EndProject
Project("{FAE04EC0-301F-11D3-BF4B-00C04F79EFBC}") = "Tyuiu.LevakovaAA.Sprint5.Task2.V24.Lib", "Tyuiu.LevakovaAA.Sprint5.Task2.V24.Lib\Tyuiu.LevakovaAA.Sprint5.Task2.V24.Lib.csproj", "{81868192-6588-4AFB-B09C-DCA644066CD2}"
EndProject
Project("{2150E333-8FDC-42A3-9474-1A3956D46DE8}") = "Task3", "Task3", "{8F7B7C7A-757D-44A7-A9DF-0A57892863AA}"
EndProject
Project("{FAE04EC0-301F-11D3-BF4B-00C04F79EFBC}") = "Tyuiu.LevakovaAA.Sprint5.Task3.V18", "Tyuiu.LevakovaAA.Sprint5.Task3.V18\Tyuiu.LevakovaAA.Sprint5.Task3.V18.csproj", "{DCDB4E3A-7E69-4641-B8D0-6548BCE3BCE5}"
EndProject
Project("{FAE04EC0-301F-11D3-BF4B-00C04F79EFBC}") = "Tyuiu.LevakovaAA.Sprint5.Task3.V18.Lib", "Tyuiu.LevakovaAA.Sprint5.Task3.V18.Lib\Tyuiu.LevakovaAA.Sprint5.Task3.V18.Lib.csproj", "{00B7FE70-0DE9-48DD-B476-FD195A19E0CD}"
EndProject
Project("{FAE04EC0-301F-11D3-BF4B-00C04F79EFBC}") = "Tyuiu.LevakovaAA.Sprint5.Task3.V18.Test", "Tyuiu.LevakovaAA.Sprint5.Task3.V18.Test\Tyuiu.LevakovaAA.Sprint5.Task3.V18.Test.csproj", "{A21E4393-5BCD-4D1E-8713-D7BF0A8FF787}"
EndProject
Project("{2150E333-8FDC-42A3-9474-1A3956D46DE8}") = "Task4", "Task4", "{94FE547E-C4CD-442B-B74B-8F0EA3CBED18}"
EndProject
Project("{FAE04EC0-301F-11D3-BF4B-00C04F79EFBC}") = "Tyuiu.LevakovaAA.Sprint5.Task4.V9", "Tyuiu.LevakovaAA.Sprint5.Task4.V9\Tyuiu.LevakovaAA.Sprint5.Task4.V9.csproj", "{2C2CB548-8DD9-4722-AC30-52A73E924823}"
EndProject
Project("{FAE04EC0-301F-11D3-BF4B-00C04F79EFBC}") = "Tyuiu.LevakovaAA.Sprint5.Task4.V9.Test", "Tyuiu.LevakovaAA.Sprint5.Task4.V9.Test\Tyuiu.LevakovaAA.Sprint5.Task4.V9.Test.csproj", "{53B516A3-8196-4809-B9E7-BCF32361BB87}"
EndProject
Project("{FAE04EC0-301F-11D3-BF4B-00C04F79EFBC}") = "Tyuiu.LevakovaAA.Sprint5.Task4.V9.Lib", "Tyuiu.LevakovaAA.Sprint5.Task4.V9.Lib\Tyuiu.LevakovaAA.Sprint5.Task4.V9.Lib.csproj", "{A6579556-EF31-4176-9F6F-DCAB7DD1F3F0}"
EndProject
Project("{2150E333-8FDC-42A3-9474-1A3956D46DE8}") = "Task5", "Task5", "{33773068-EEC1-4913-B57E-6E9D2EC35C79}"
EndProject
Project("{FAE04EC0-301F-11D3-BF4B-00C04F79EFBC}") = "Tyuiu.LevakovaAA.Sprint5.Task5.V30", "Tyuiu.LevakovaAA.Sprint5.Task5.V30\Tyuiu.LevakovaAA.Sprint5.Task5.V30.csproj", "{9C90C910-1DB6-4723-953A-5255ECA4B8A1}"
EndProject
Project("{FAE04EC0-301F-11D3-BF4B-00C04F79EFBC}") = "Tyuiu.LevakovaAA.Sprint5.Task5.V30.Lib", "Tyuiu.LevakovaAA.Sprint5.Task5.V30.Lib\Tyuiu.LevakovaAA.Sprint5.Task5.V30.Lib.csproj", "{8A0B5051-EC14-4CB9-96A7-1324EFB93950}"
EndProject
Project("{FAE04EC0-301F-11D3-BF4B-00C04F79EFBC}") = "Tyuiu.LevakovaAA.Sprint5.Task5.V30.Test", "Tyuiu.LevakovaAA.Sprint5.Task5.V30.Test\Tyuiu.LevakovaAA.Sprint5.Task5.V30.Test.csproj", "{C95EFB91-D1D6-46AC-8A20-12763A76EA13}"
EndProject
Project("{2150E333-8FDC-42A3-9474-1A3956D46DE8}") = "Task6", "Task6", "{3792E77C-171B-4952-906C-AD0C8700FF70}"
EndProject
Project("{FAE04EC0-301F-11D3-BF4B-00C04F79EFBC}") = "Tyuiu.LevakovaAA.Sprint5.Task6.V10", "Tyuiu.LevakovaAA.Sprint5.Task6.V10\Tyuiu.LevakovaAA.Sprint5.Task6.V10.csproj", "{A1EDEC6D-6E09-4E5A-8411-2BFC01C1BE25}"
EndProject
Project("{FAE04EC0-301F-11D3-BF4B-00C04F79EFBC}") = "Tyuiu.LevakovaAA.Sprint5.Task6.V10.Test", "Tyuiu.LevakovaAA.Sprint5.Task6.V10.Test\Tyuiu.LevakovaAA.Sprint5.Task6.V10.Test.csproj", "{2FD3522A-112F-45F3-B1B2-EF8049537E00}"
EndProject
Project("{FAE04EC0-301F-11D3-BF4B-00C04F79EFBC}") = "Tyuiu.LevakovaAA.Sprint5.Task6.V10.Lib", "Tyuiu.LevakovaAA.Sprint5.Task6.V10.Lib\Tyuiu.LevakovaAA.Sprint5.Task6.V10.Lib.csproj", "{26BE9E58-90DC-48B2-A87C-ECDD52CDE2D8}"
EndProject
Project("{2150E333-8FDC-42A3-9474-1A3956D46DE8}") = "Task7", "Task7", "{8D0743E7-01B4-4446-9A1F-5A186BD9C86F}"
EndProject
Project("{FAE04EC0-301F-11D3-BF4B-00C04F79EFBC}") = "Tyuiu.LevakovaAA.Sprint5.Task7.V2", "Tyuiu.LevakovaAA.Sprint5.Task7.V2\Tyuiu.LevakovaAA.Sprint5.Task7.V2.csproj", "{0451DBD7-59E8-434F-9A18-26ABC5E0ADBC}"
EndProject
Project("{FAE04EC0-301F-11D3-BF4B-00C04F79EFBC}") = "Tyuiu.LevakovaAA.Sprint5.Task7.V2.Lib", "Tyuiu.LevakovaAA.Sprint5.Task7.V2.Lib\Tyuiu.LevakovaAA.Sprint5.Task7.V2.Lib.csproj", "{6D0BB1A3-38B2-4758-B0B9-CB2F1EB3CEE7}"
EndProject
Project("{FAE04EC0-301F-11D3-BF4B-00C04F79EFBC}") = "Tyuiu.LevakovaAA.Sprint5.Task7.V2.Test", "Tyuiu.LevakovaAA.Sprint5.Task7.V2.Test\Tyuiu.LevakovaAA.Sprint5.Task7.V2.Test.csproj", "{C41C29F8-A18E-43FD-B4A2-18863B2073A9}"
EndProject
Global
	GlobalSection(SolutionConfigurationPlatforms) = preSolution
		Debug|Any CPU = Debug|Any CPU
		Release|Any CPU = Release|Any CPU
	EndGlobalSection
	GlobalSection(ProjectConfigurationPlatforms) = postSolution
		{FFFBF7C9-70DA-417E-A62A-4B57C2BE29E2}.Debug|Any CPU.ActiveCfg = Debug|Any CPU
		{FFFBF7C9-70DA-417E-A62A-4B57C2BE29E2}.Debug|Any CPU.Build.0 = Debug|Any CPU
		{FFFBF7C9-70DA-417E-A62A-4B57C2BE29E2}.Release|Any CPU.ActiveCfg = Release|Any CPU
		{FFFBF7C9-70DA-417E-A62A-4B57C2BE29E2}.Release|Any CPU.Build.0 = Release|Any CPU
		{F98C618F-6DB2-4A14-9BEE-FB31BEC07330}.Debug|Any CPU.ActiveCfg = Debug|Any CPU
		{F98C618F-6DB2-4A14-9BEE-FB31BEC07330}.Debug|Any CPU.Build.0 = Debug|Any CPU
		{F98C618F-6DB2-4A14-9BEE-FB31BEC07330}.Release|Any CPU.ActiveCfg = Release|Any CPU
		{F98C618F-6DB2-4A14-9BEE-FB31BEC07330}.Release|Any CPU.Build.0 = Release|Any CPU
		{201CDA19-0E54-4F0A-BF18-79C56A1AEA83}.Debug|Any CPU.ActiveCfg = Debug|Any CPU
		{201CDA19-0E54-4F0A-BF18-79C56A1AEA83}.Debug|Any CPU.Build.0 = Debug|Any CPU
		{201CDA19-0E54-4F0A-BF18-79C56A1AEA83}.Release|Any CPU.ActiveCfg = Release|Any CPU
		{201CDA19-0E54-4F0A-BF18-79C56A1AEA83}.Release|Any CPU.Build.0 = Release|Any CPU
		{084B8AA7-9D20-4588-8876-A01A22FC02CB}.Debug|Any CPU.ActiveCfg = Debug|Any CPU
		{084B8AA7-9D20-4588-8876-A01A22FC02CB}.Debug|Any CPU.Build.0 = Debug|Any CPU
		{084B8AA7-9D20-4588-8876-A01A22FC02CB}.Release|Any CPU.ActiveCfg = Release|Any CPU
		{084B8AA7-9D20-4588-8876-A01A22FC02CB}.Release|Any CPU.Build.0 = Release|Any CPU
		{911CC381-A224-46B6-A95C-C6F694886B79}.Debug|Any CPU.ActiveCfg = Debug|Any CPU
		{911CC381-A224-46B6-A95C-C6F694886B79}.Debug|Any CPU.Build.0 = Debug|Any CPU
		{911CC381-A224-46B6-A95C-C6F694886B79}.Release|Any CPU.ActiveCfg = Release|Any CPU
		{911CC381-A224-46B6-A95C-C6F694886B79}.Release|Any CPU.Build.0 = Release|Any CPU
		{44D5C968-8181-4713-B45F-FD0A7A6AF08F}.Debug|Any CPU.ActiveCfg = Debug|Any CPU
		{44D5C968-8181-4713-B45F-FD0A7A6AF08F}.Debug|Any CPU.Build.0 = Debug|Any CPU
		{44D5C968-8181-4713-B45F-FD0A7A6AF08F}.Release|Any CPU.ActiveCfg = Release|Any CPU
		{44D5C968-8181-4713-B45F-FD0A7A6AF08F}.Release|Any CPU.Build.0 = Release|Any CPU
		{F161200C-3BE8-43F6-A1E0-FA8D5C88FC4D}.Debug|Any CPU.ActiveCfg = Debug|Any CPU
		{F161200C-3BE8-43F6-A1E0-FA8D5C88FC4D}.Debug|Any CPU.Build.0 = Debug|Any CPU
		{F161200C-3BE8-43F6-A1E0-FA8D5C88FC4D}.Release|Any CPU.ActiveCfg = Release|Any CPU
		{F161200C-3BE8-43F6-A1E0-FA8D5C88FC4D}.Release|Any CPU.Build.0 = Release|Any CPU
		{8A9955F0-CBB9-4637-B9C6-1C9C81E7AC31}.Debug|Any CPU.ActiveCfg = Debug|Any CPU
		{8A9955F0-CBB9-4637-B9C6-1C9C81E7AC31}.Debug|Any CPU.Build.0 = Debug|Any CPU
		{8A9955F0-CBB9-4637-B9C6-1C9C81E7AC31}.Release|Any CPU.ActiveCfg = Release|Any CPU
		{8A9955F0-CBB9-4637-B9C6-1C9C81E7AC31}.Release|Any CPU.Build.0 = Release|Any CPU
		{81868192-6588-4AFB-B09C-DCA644066CD2}.Debug|Any CPU.ActiveCfg = Debug|Any CPU
		{81868192-6588-4AFB-B09C-DCA644066CD2}.Debug|Any CPU.Build.0 = Debug|Any CPU
		{81868192-6588-4AFB-B09C-DCA644066CD2}.Release|Any CPU.ActiveCfg = Release|Any CPU
		{81868192-6588-4AFB-B09C-DCA644066CD2}.Release|Any CPU.Build.0 = Release|Any CPU
		{DCDB4E3A-7E69-4641-B8D0-6548BCE3BCE5}.Debug|Any CPU.ActiveCfg = Debug|Any CPU
		{DCDB4E3A-7E69-4641-B8D0-6548BCE3BCE5}.Debug|Any CPU.Build.0 = Debug|Any CPU
		{DCDB4E3A-7E69-4641-B8D0-6548BCE3BCE5}.Release|Any CPU.ActiveCfg = Release|Any CPU
		{DCDB4E3A-7E69-4641-B8D0-6548BCE3BCE5}.Release|Any CPU.Build.0 = Release|Any CPU
		{00B7FE70-0DE9-48DD-B476-FD195A19E0CD}.Debug|Any CPU.ActiveCfg = Debug|Any CPU
		{00B7FE70-0DE9-48DD-B476-FD195A19E0CD}.Debug|Any CPU.Build.0 = Debug|Any CPU
		{00B7FE70-0DE9-48DD-B476-FD195A19E0CD}.Release|Any CPU.ActiveCfg = Release|Any CPU
		{00B7FE70-0DE9-48DD-B476-FD195A19E0CD}.Release|Any CPU.Build.0 = Release|Any CPU
		{A21E4393-5BCD-4D1E-8713-D7BF0A8FF787}.Debug|Any CPU.ActiveCfg = Debug|Any CPU
		{A21E4393-5BCD-4D1E-8713-D7BF0A8FF787}.Debug|Any CPU.Build.0 = Debug|Any CPU
		{A21E4393-5BCD-4D1E-8713-D7BF0A8FF787}.Release|Any CPU.ActiveCfg = Release|Any CPU
		{A21E4393-5BCD-4D1E-8713-D7BF0A8FF787}.Release|Any CPU.Build.0 = Release|Any CPU
		{2C2CB548-8DD9-4722-AC30-52A73E924823}.Debug|Any CPU.ActiveCfg = Debug|Any CPU
		{2C2CB548-8DD9-4722-AC30-52A73E924823}.Debug|Any CPU.Build.0 = Debug|Any CPU
		{2C2CB548-8DD9-4722-AC30-52A73E924823}.Release|Any CPU.ActiveCfg = Release|Any CPU
		{2C2CB548-8DD9-4722-AC30-52A73E924823}.Release|Any CPU.Build.0 = Release|Any CPU
		{53B516A3-8196-4809-B9E7-BCF32361BB87}.Debug|Any CPU.ActiveCfg = Debug|Any CPU
		{53B516A3-8196-4809-B9E7-BCF32361BB87}.Debug|Any CPU.Build.0 = Debug|Any CPU
		{53B516A3-8196-4809-B9E7-BCF32361BB87}.Release|Any CPU.ActiveCfg = Release|Any CPU
		{53B516A3-8196-4809-B9E7-BCF32361BB87}.Release|Any CPU.Build.0 = Release|Any CPU
		{A6579556-EF31-4176-9F6F-DCAB7DD1F3F0}.Debug|Any CPU.ActiveCfg = Debug|Any CPU
		{A6579556-EF31-4176-9F6F-DCAB7DD1F3F0}.Debug|Any CPU.Build.0 = Debug|Any CPU
		{A6579556-EF31-4176-9F6F-DCAB7DD1F3F0}.Release|Any CPU.ActiveCfg = Release|Any CPU
		{A6579556-EF31-4176-9F6F-DCAB7DD1F3F0}.Release|Any CPU.Build.0 = Release|Any CPU
		{9C90C910-1DB6-4723-953A-5255ECA4B8A1}.Debug|Any CPU.ActiveCfg = Debug|Any CPU
		{9C90C910-1DB6-4723-953A-5255ECA4B8A1}.Debug|Any CPU.Build.0 = Debug|Any CPU
		{9C90C910-1DB6-4723-953A-5255ECA4B8A1}.Release|Any CPU.ActiveCfg = Release|Any CPU
		{9C90C910-1DB6-4723-953A-5255ECA4B8A1}.Release|Any CPU.Build.0 = Release|Any CPU
		{8A0B5051-EC14-4CB9-96A7-1324EFB93950}.Debug|Any CPU.ActiveCfg = Debug|Any CPU
		{8A0B5051-EC14-4CB9-96A7-1324EFB93950}.Debug|Any CPU.Build.0 = Debug|Any CPU
		{8A0B5051-EC14-4CB9-96A7-1324EFB93950}.Release|Any CPU.ActiveCfg = Release|Any CPU
		{8A0B5051-EC14-4CB9-96A7-1324EFB93950}.Release|Any CPU.Build.0 = Release|Any CPU
		{C95EFB91-D1D6-46AC-8A20-12763A76EA13}.Debug|Any CPU.ActiveCfg = Debug|Any CPU
		{C95EFB91-D1D6-46AC-8A20-12763A76EA13}.Debug|Any CPU.Build.0 = Debug|Any CPU
		{C95EFB91-D1D6-46AC-8A20-12763A76EA13}.Release|Any CPU.ActiveCfg = Release|Any CPU
		{C95EFB91-D1D6-46AC-8A20-12763A76EA13}.Release|Any CPU.Build.0 = Release|Any CPU
		{A1EDEC6D-6E09-4E5A-8411-2BFC01C1BE25}.Debug|Any CPU.ActiveCfg = Debug|Any CPU
		{A1EDEC6D-6E09-4E5A-8411-2BFC01C1BE25}.Debug|Any CPU.Build.0 = Debug|Any CPU
		{A1EDEC6D-6E09-4E5A-8411-2BFC01C1BE25}.Release|Any CPU.ActiveCfg = Release|Any CPU
		{A1EDEC6D-6E09-4E5A-8411-2BFC01C1BE25}.Release|Any CPU.Build.0 = Release|Any CPU
		{2FD3522A-112F-45F3-B1B2-EF8049537E00}.Debug|Any CPU.ActiveCfg = Debug|Any CPU
		{2FD3522A-112F-45F3-B1B2-EF8049537E00}.Debug|Any CPU.Build.0 = Debug|Any CPU
		{2FD3522A-112F-45F3-B1B2-EF8049537E00}.Release|Any CPU.ActiveCfg = Release|Any CPU
		{2FD3522A-112F-45F3-B1B2-EF8049537E00}.Release|Any CPU.Build.0 = Release|Any CPU
		{26BE9E58-90DC-48B2-A87C-ECDD52CDE2D8}.Debug|Any CPU.ActiveCfg = Debug|Any CPU
		{26BE9E58-90DC-48B2-A87C-ECDD52CDE2D8}.Debug|Any CPU.Build.0 = Debug|Any CPU
		{26BE9E58-90DC-48B2-A87C-ECDD52CDE2D8}.Release|Any CPU.ActiveCfg = Release|Any CPU
		{26BE9E58-90DC-48B2-A87C-ECDD52CDE2D8}.Release|Any CPU.Build.0 = Release|Any CPU
		{0451DBD7-59E8-434F-9A18-26ABC5E0ADBC}.Debug|Any CPU.ActiveCfg = Debug|Any CPU
		{0451DBD7-59E8-434F-9A18-26ABC5E0ADBC}.Debug|Any CPU.Build.0 = Debug|Any CPU
		{0451DBD7-59E8-434F-9A18-26ABC5E0ADBC}.Release|Any CPU.ActiveCfg = Release|Any CPU
		{0451DBD7-59E8-434F-9A18-26ABC5E0ADBC}.Release|Any CPU.Build.0 = Release|Any CPU
		{6D0BB1A3-38B2-4758-B0B9-CB2F1EB3CEE7}.Debug|Any CPU.ActiveCfg = Debug|Any CPU
		{6D0BB1A3-38B2-4758-B0B9-CB2F1EB3CEE7}.Debug|Any CPU.Build.0 = Debug|Any CPU
		{6D0BB1A3-38B2-4758-B0B9-CB2F1EB3CEE7}.Release|Any CPU.ActiveCfg = Release|Any CPU
		{6D0BB1A3-38B2-4758-B0B9-CB2F1EB3CEE7}.Release|Any CPU.Build.0 = Release|Any CPU
		{C41C29F8-A18E-43FD-B4A2-18863B2073A9}.Debug|Any CPU.ActiveCfg = Debug|Any CPU
		{C41C29F8-A18E-43FD-B4A2-18863B2073A9}.Debug|Any CPU.Build.0 = Debug|Any CPU
		{C41C29F8-A18E-43FD-B4A2-18863B2073A9}.Release|Any CPU.ActiveCfg = Release|Any CPU
		{C41C29F8-A18E-43FD-B4A2-18863B2073A9}.Release|Any CPU.Build.0 = Release|Any CPU
	EndGlobalSection
	GlobalSection(SolutionProperties) = preSolution
		HideSolutionNode = FALSE
	EndGlobalSection
	GlobalSection(NestedProjects) = preSolution
		{FFFBF7C9-70DA-417E-A62A-4B57C2BE29E2} = {02EA681E-C7D8-13C7-8484-4AC65E1B71E8}
		{F98C618F-6DB2-4A14-9BEE-FB31BEC07330} = {02EA681E-C7D8-13C7-8484-4AC65E1B71E8}
		{201CDA19-0E54-4F0A-BF18-79C56A1AEA83} = {02EA681E-C7D8-13C7-8484-4AC65E1B71E8}
		{084B8AA7-9D20-4588-8876-A01A22FC02CB} = {F4D280FC-FF43-44D2-A787-210674BAB49D}
		{911CC381-A224-46B6-A95C-C6F694886B79} = {F4D280FC-FF43-44D2-A787-210674BAB49D}
		{44D5C968-8181-4713-B45F-FD0A7A6AF08F} = {F4D280FC-FF43-44D2-A787-210674BAB49D}
		{F161200C-3BE8-43F6-A1E0-FA8D5C88FC4D} = {73324598-BBB4-4793-9960-80A9F63A8C90}
		{8A9955F0-CBB9-4637-B9C6-1C9C81E7AC31} = {73324598-BBB4-4793-9960-80A9F63A8C90}
		{81868192-6588-4AFB-B09C-DCA644066CD2} = {73324598-BBB4-4793-9960-80A9F63A8C90}
		{DCDB4E3A-7E69-4641-B8D0-6548BCE3BCE5} = {8F7B7C7A-757D-44A7-A9DF-0A57892863AA}
		{00B7FE70-0DE9-48DD-B476-FD195A19E0CD} = {8F7B7C7A-757D-44A7-A9DF-0A57892863AA}
		{A21E4393-5BCD-4D1E-8713-D7BF0A8FF787} = {8F7B7C7A-757D-44A7-A9DF-0A57892863AA}
		{2C2CB548-8DD9-4722-AC30-52A73E924823} = {94FE547E-C4CD-442B-B74B-8F0EA3CBED18}
		{53B516A3-8196-4809-B9E7-BCF32361BB87} = {94FE547E-C4CD-442B-B74B-8F0EA3CBED18}
		{A6579556-EF31-4176-9F6F-DCAB7DD1F3F0} = {94FE547E-C4CD-442B-B74B-8F0EA3CBED18}
		{9C90C910-1DB6-4723-953A-5255ECA4B8A1} = {33773068-EEC1-4913-B57E-6E9D2EC35C79}
		{8A0B5051-EC14-4CB9-96A7-1324EFB93950} = {33773068-EEC1-4913-B57E-6E9D2EC35C79}
		{C95EFB91-D1D6-46AC-8A20-12763A76EA13} = {33773068-EEC1-4913-B57E-6E9D2EC35C79}
		{A1EDEC6D-6E09-4E5A-8411-2BFC01C1BE25} = {3792E77C-171B-4952-906C-AD0C8700FF70}
		{2FD3522A-112F-45F3-B1B2-EF8049537E00} = {3792E77C-171B-4952-906C-AD0C8700FF70}
		{26BE9E58-90DC-48B2-A87C-ECDD52CDE2D8} = {3792E77C-171B-4952-906C-AD0C8700FF70}
		{0451DBD7-59E8-434F-9A18-26ABC5E0ADBC} = {8D0743E7-01B4-4446-9A1F-5A186BD9C86F}
		{6D0BB1A3-38B2-4758-B0B9-CB2F1EB3CEE7} = {8D0743E7-01B4-4446-9A1F-5A186BD9C86F}
		{C41C29F8-A18E-43FD-B4A2-18863B2073A9} = {8D0743E7-01B4-4446-9A1F-5A186BD9C86F}
	EndGlobalSection
	GlobalSection(ExtensibilityGlobals) = postSolution
		SolutionGuid = {A5A3C3D0-1B3D-4109-8B39-70461A74B05A}
	EndGlobalSection
EndGlobal
